# This file is generated by running "yarn install" inside your project.
# Manual changes might be lost - proceed with caution!

__metadata:
  version: 4
  cacheKey: 8

"@tootallnate/once@npm:1":
  version: 1.1.2
  resolution: "@tootallnate/once@npm:1.1.2"
  checksum: e1fb1bbbc12089a0cb9433dc290f97bddd062deadb6178ce9bcb93bb7c1aecde5e60184bc7065aec42fe1663622a213493c48bbd4972d931aae48315f18e1be9
  languageName: node
  linkType: hard

"abab@npm:^2.0.3, abab@npm:^2.0.5":
  version: 2.0.5
  resolution: "abab@npm:2.0.5"
  checksum: 0ec951b46d5418c2c2f923021ec193eaebdb4e802ffd5506286781b454be722a13a8430f98085cd3e204918401d9130ec6cc8f5ae19be315b3a0e857d83196e1
  languageName: node
  linkType: hard

"acorn-globals@npm:^6.0.0":
  version: 6.0.0
  resolution: "acorn-globals@npm:6.0.0"
  dependencies:
    acorn: ^7.1.1
    acorn-walk: ^7.1.1
  checksum: 72d95e5b5e585f9acd019b993ab8bbba68bb3cbc9d9b5c1ebb3c2f1fe5981f11deababfb4949f48e6262f9c57878837f5958c0cca396f81023814680ca878042
  languageName: node
  linkType: hard

"acorn-walk@npm:^7.1.1":
  version: 7.2.0
  resolution: "acorn-walk@npm:7.2.0"
  checksum: 9252158a79b9d92f1bc0dd6acc0fcfb87a67339e84bcc301bb33d6078936d27e35d606b4d35626d2962cd43c256d6f27717e70cbe15c04fff999ab0b2260b21f
  languageName: node
  linkType: hard

"acorn@npm:^7.1.1":
  version: 7.4.1
  resolution: "acorn@npm:7.4.1"
  bin:
    acorn: bin/acorn
  checksum: 1860f23c2107c910c6177b7b7be71be350db9e1080d814493fae143ae37605189504152d1ba8743ba3178d0b37269ce1ffc42b101547fdc1827078f82671e407
  languageName: node
  linkType: hard

"acorn@npm:^8.2.4":
  version: 8.3.0
  resolution: "acorn@npm:8.3.0"
  bin:
    acorn: bin/acorn
  checksum: 9217542382451ea95902c650e0d03c661abaf39c41f3c797347b61f2950b0f03c5f77ef93b9f702dc8112907cf40812e3cb5f1e62b3054f017ebeb07ed267587
  languageName: node
  linkType: hard

"agent-base@npm:6":
  version: 6.0.2
  resolution: "agent-base@npm:6.0.2"
  dependencies:
    debug: 4
  checksum: f52b6872cc96fd5f622071b71ef200e01c7c4c454ee68bc9accca90c98cfb39f2810e3e9aa330435835eedc8c23f4f8a15267f67c6e245d2b33757575bdac49d
  languageName: node
  linkType: hard

"asynckit@npm:^0.4.0":
  version: 0.4.0
  resolution: "asynckit@npm:0.4.0"
  checksum: 7b78c451df768adba04e2d02e63e2d0bf3b07adcd6e42b4cf665cb7ce899bedd344c69a1dcbce355b5f972d597b25aaa1c1742b52cffd9caccb22f348114f6be
  languageName: node
  linkType: hard

"browser-process-hrtime@npm:^1.0.0":
  version: 1.0.0
  resolution: "browser-process-hrtime@npm:1.0.0"
  checksum: e30f868cdb770b1201afb714ad1575dd86366b6e861900884665fb627109b3cc757c40067d3bfee1ff2a29c835257ea30725a8018a9afd02ac1c24b408b1e45f
  languageName: node
  linkType: hard

"camel-case@npm:^3.0.0":
  version: 3.0.0
  resolution: "camel-case@npm:3.0.0"
  dependencies:
    no-case: ^2.2.0
    upper-case: ^1.1.1
  checksum: 4190ed6ab8acf4f3f6e1a78ad4d0f3f15ce717b6bfa1b5686d58e4bcd29960f6e312dd746b5fa259c6d452f1413caef25aee2e10c9b9a580ac83e516533a961a
  languageName: node
  linkType: hard

"clean-css@npm:^4.2.1":
  version: 4.2.3
  resolution: "clean-css@npm:4.2.3"
  dependencies:
    source-map: ~0.6.0
  checksum: 613129973a038b8bb13e3975ad6b679feccb8c98f2a9d03e6bec9e60291ef1e6b5037ee8cb09a3470751adc52f43782b1dcb4cb049360230b48062d6e3314072
  languageName: node
  linkType: hard

"combined-stream@npm:^1.0.8":
  version: 1.0.8
  resolution: "combined-stream@npm:1.0.8"
  dependencies:
    delayed-stream: ~1.0.0
  checksum: 49fa4aeb4916567e33ea81d088f6584749fc90c7abec76fd516bf1c5aa5c79f3584b5ba3de6b86d26ddd64bae5329c4c7479343250cfe71c75bb366eae53bb7c
  languageName: node
  linkType: hard

"commander@npm:^2.19.0":
  version: 2.20.3
  resolution: "commander@npm:2.20.3"
  checksum: ab8c07884e42c3a8dbc5dd9592c606176c7eb5c1ca5ff274bcf907039b2c41de3626f684ea75ccf4d361ba004bbaff1f577d5384c155f3871e456bdf27becf9e
  languageName: node
  linkType: hard

"commander@npm:^7.2.0":
  version: 7.2.0
  resolution: "commander@npm:7.2.0"
  checksum: 53501cbeee61d5157546c0bef0fedb6cdfc763a882136284bed9a07225f09a14b82d2a84e7637edfd1a679fb35ed9502fd58ef1d091e6287f60d790147f68ddc
  languageName: node
  linkType: hard

"cssom@npm:^0.4.4":
  version: 0.4.4
  resolution: "cssom@npm:0.4.4"
  checksum: e3bc1076e7ee4213d4fef05e7ae03bfa83dc05f32611d8edc341f4ecc3d9647b89c8245474c7dd2cdcdb797a27c462e99da7ad00a34399694559f763478ff53f
  languageName: node
  linkType: hard

"cssom@npm:~0.3.6":
  version: 0.3.8
  resolution: "cssom@npm:0.3.8"
  checksum: 24beb3087c76c0d52dd458be9ee1fbc80ac771478a9baef35dd258cdeb527c68eb43204dd439692bb2b1ae5272fa5f2946d10946edab0d04f1078f85e06bc7f6
  languageName: node
  linkType: hard

"cssstyle@npm:^2.3.0":
  version: 2.3.0
  resolution: "cssstyle@npm:2.3.0"
  dependencies:
    cssom: ~0.3.6
  checksum: 5f05e6fd2e3df0b44695c2f08b9ef38b011862b274e320665176467c0725e44a53e341bc4959a41176e83b66064ab786262e7380fd1cabeae6efee0d255bb4e3
  languageName: node
  linkType: hard

"data-urls@npm:^2.0.0":
  version: 2.0.0
  resolution: "data-urls@npm:2.0.0"
  dependencies:
    abab: ^2.0.3
    whatwg-mimetype: ^2.3.0
    whatwg-url: ^8.0.0
  checksum: 97caf828aac25e25e04ba6869db0f99c75e6859bb5b424ada28d3e7841941ebf08ddff3c1b1bb4585986bd507a5d54c2a716853ea6cb98af877400e637393e71
  languageName: node
  linkType: hard

"debug@npm:4":
  version: 4.3.2
  resolution: "debug@npm:4.3.2"
  dependencies:
    ms: 2.1.2
  peerDependenciesMeta:
    supports-color:
      optional: true
  checksum: 820ea160e267e23c953c9ed87e7ad93494d8cda2f7349af5e7e3bb236d23707ee3022f477d5a7d2ee86ef2bf7d60aa9ab22d1f58080d7deb9dccd073585e1e43
  languageName: node
  linkType: hard

"decimal.js@npm:^10.2.1":
  version: 10.2.1
  resolution: "decimal.js@npm:10.2.1"
  checksum: d2421adf209422d520c8f1a4d1fceffc2ccd0c041aa179f8d18a315ebda6a7be918f2634ac850df299dccccae6a3567c5761301a1c3693461fdef3d1de23b000
  languageName: node
  linkType: hard

"deep-is@npm:~0.1.3":
  version: 0.1.3
  resolution: "deep-is@npm:0.1.3"
  checksum: c15b04c3848a89880c94e25b077c19b47d9a30dd99048e70e5f95d943e7b246bee1da0c1376b56b01bc045be2cae7d9b1c856e68e47e9805634327de7c6cb6d5
  languageName: node
  linkType: hard

"delayed-stream@npm:~1.0.0":
  version: 1.0.0
  resolution: "delayed-stream@npm:1.0.0"
  checksum: 46fe6e83e2cb1d85ba50bd52803c68be9bd953282fa7096f51fc29edd5d67ff84ff753c51966061e5ba7cb5e47ef6d36a91924eddb7f3f3483b1c560f77a0020
  languageName: node
  linkType: hard

"domexception@npm:^2.0.1":
  version: 2.0.1
  resolution: "domexception@npm:2.0.1"
  dependencies:
    webidl-conversions: ^5.0.0
  checksum: d638e9cb05c52999f1b2eb87c374b03311ea5b1d69c2f875bc92da73e17db60c12142b45c950228642ff7f845c536b65305483350d080df59003a653da80b691
  languageName: node
  linkType: hard

"escodegen@npm:^2.0.0":
  version: 2.0.0
  resolution: "escodegen@npm:2.0.0"
  dependencies:
    esprima: ^4.0.1
    estraverse: ^5.2.0
    esutils: ^2.0.2
    optionator: ^0.8.1
    source-map: ~0.6.1
  dependenciesMeta:
    source-map:
      optional: true
  bin:
    escodegen: bin/escodegen.js
    esgenerate: bin/esgenerate.js
  checksum: 5aa6b2966fafe0545e4e77936300cc94ad57cfe4dc4ebff9950492eaba83eef634503f12d7e3cbd644ecc1bab388ad0e92b06fd32222c9281a75d1cf02ec6cef
  languageName: node
  linkType: hard

"esprima@npm:^4.0.1":
  version: 4.0.1
  resolution: "esprima@npm:4.0.1"
  bin:
    esparse: ./bin/esparse.js
    esvalidate: ./bin/esvalidate.js
  checksum: b45bc805a613dbea2835278c306b91aff6173c8d034223fa81498c77dcbce3b2931bf6006db816f62eacd9fd4ea975dfd85a5b7f3c6402cfd050d4ca3c13a628
  languageName: node
  linkType: hard

"estraverse@npm:^5.2.0":
  version: 5.2.0
  resolution: "estraverse@npm:5.2.0"
  checksum: ec11b70d946bf5d7f76f91db38ef6f08109ac1b36cda293a26e678e58df4719f57f67b9ec87042afdd1f0267cee91865be3aa48d2161765a93defab5431be7b8
  languageName: node
  linkType: hard

"esutils@npm:^2.0.2":
  version: 2.0.3
  resolution: "esutils@npm:2.0.3"
  checksum: 22b5b08f74737379a840b8ed2036a5fb35826c709ab000683b092d9054e5c2a82c27818f12604bfc2a9a76b90b6834ef081edbc1c7ae30d1627012e067c6ec87
  languageName: node
  linkType: hard

"fast-levenshtein@npm:~2.0.6":
  version: 2.0.6
  resolution: "fast-levenshtein@npm:2.0.6"
  checksum: 92cfec0a8dfafd9c7a15fba8f2cc29cd0b62b85f056d99ce448bbcd9f708e18ab2764bda4dd5158364f4145a7c72788538994f0d1787b956ef0d1062b0f7c24c
  languageName: node
  linkType: hard

"form-data@npm:^3.0.0":
  version: 3.0.1
  resolution: "form-data@npm:3.0.1"
  dependencies:
    asynckit: ^0.4.0
    combined-stream: ^1.0.8
    mime-types: ^2.1.12
  checksum: b019e8d35c8afc14a2bd8a7a92fa4f525a4726b6d5a9740e8d2623c30e308fbb58dc8469f90415a856698933c8479b01646a9dff33c87cc4e76d72aedbbf860d
  languageName: node
  linkType: hard

"he@npm:^1.2.0":
  version: 1.2.0
  resolution: "he@npm:1.2.0"
  bin:
    he: bin/he
  checksum: 3d4d6babccccd79c5c5a3f929a68af33360d6445587d628087f39a965079d84f18ce9c3d3f917ee1e3978916fc833bb8b29377c3b403f919426f91bc6965e7a7
  languageName: node
  linkType: hard

"homepage@workspace:.":
  version: 0.0.0-use.local
  resolution: "homepage@workspace:."
  dependencies:
    commander: ^7.2.0
    html-minifier: ^4.0.0
    imml: ^1.0.3
    jsdom: ^16.6.0
  languageName: unknown
  linkType: soft

"html-encoding-sniffer@npm:^2.0.1":
  version: 2.0.1
  resolution: "html-encoding-sniffer@npm:2.0.1"
  dependencies:
    whatwg-encoding: ^1.0.5
  checksum: bf30cce461015ed7e365736fcd6a3063c7bc016a91f74398ef6158886970a96333938f7c02417ab3c12aa82e3e53b40822145facccb9ddfbcdc15a879ae4d7ba
  languageName: node
  linkType: hard

"html-minifier@npm:^4.0.0":
  version: 4.0.0
  resolution: "html-minifier@npm:4.0.0"
  dependencies:
    camel-case: ^3.0.0
    clean-css: ^4.2.1
    commander: ^2.19.0
    he: ^1.2.0
    param-case: ^2.1.1
    relateurl: ^0.2.7
    uglify-js: ^3.5.1
  bin:
    html-minifier: ./cli.js
  checksum: b426aee771d9da104c1c9554e3ebd3a4f483d2ce01f4dcc4156ba33a5959044acf6bea192d5ae63b290cdb92c30a9d07fd6924c65609aa82382ce411328f94ca
  languageName: node
  linkType: hard

"http-proxy-agent@npm:^4.0.1":
  version: 4.0.1
  resolution: "http-proxy-agent@npm:4.0.1"
  dependencies:
    "@tootallnate/once": 1
    agent-base: 6
    debug: 4
  checksum: c6a5da5a1929416b6bbdf77b1aca13888013fe7eb9d59fc292e25d18e041bb154a8dfada58e223fc7b76b9b2d155a87e92e608235201f77d34aa258707963a82
  languageName: node
  linkType: hard

"https-proxy-agent@npm:^5.0.0":
  version: 5.0.0
  resolution: "https-proxy-agent@npm:5.0.0"
  dependencies:
    agent-base: 6
    debug: 4
  checksum: 165bfb090bd26d47693597661298006841ab733d0c7383a8cb2f17373387a94c903a3ac687090aa739de05e379ab6f868bae84ab4eac288ad85c328cd1ec9e53
  languageName: node
  linkType: hard

"iconv-lite@npm:0.4.24":
  version: 0.4.24
  resolution: "iconv-lite@npm:0.4.24"
  dependencies:
    safer-buffer: ">= 2.1.2 < 3"
  checksum: bd9f120f5a5b306f0bc0b9ae1edeb1577161503f5f8252a20f1a9e56ef8775c9959fd01c55f2d3a39d9a8abaf3e30c1abeb1895f367dcbbe0a8fd1c9ca01c4f6
  languageName: node
  linkType: hard

"imml@npm:^1.0.3":
  version: 1.0.3
  resolution: "imml@npm:1.0.3"
  dependencies:
    marked: ^2.0.7
  bin:
    imml: lib/make.js
  checksum: cb846fda65d93bdcf152f73dafafe6dfcdff40ba19d1cec96180fe9d3573728b4892a18e4b6721e10bbf0e8187510cd56d3d9034f1a28402a0d54c1a5831e55a
  languageName: node
  linkType: hard

"is-potential-custom-element-name@npm:^1.0.1":
  version: 1.0.1
  resolution: "is-potential-custom-element-name@npm:1.0.1"
  checksum: ced7bbbb6433a5b684af581872afe0e1767e2d1146b2207ca0068a648fb5cab9d898495d1ac0583524faaf24ca98176a7d9876363097c2d14fee6dd324f3a1ab
  languageName: node
  linkType: hard

"jsdom@npm:^16.6.0":
  version: 16.6.0
  resolution: "jsdom@npm:16.6.0"
  dependencies:
    abab: ^2.0.5
    acorn: ^8.2.4
    acorn-globals: ^6.0.0
    cssom: ^0.4.4
    cssstyle: ^2.3.0
    data-urls: ^2.0.0
    decimal.js: ^10.2.1
    domexception: ^2.0.1
    escodegen: ^2.0.0
    form-data: ^3.0.0
    html-encoding-sniffer: ^2.0.1
    http-proxy-agent: ^4.0.1
    https-proxy-agent: ^5.0.0
    is-potential-custom-element-name: ^1.0.1
    nwsapi: ^2.2.0
    parse5: 6.0.1
    saxes: ^5.0.1
    symbol-tree: ^3.2.4
    tough-cookie: ^4.0.0
    w3c-hr-time: ^1.0.2
    w3c-xmlserializer: ^2.0.0
    webidl-conversions: ^6.1.0
    whatwg-encoding: ^1.0.5
    whatwg-mimetype: ^2.3.0
    whatwg-url: ^8.5.0
    ws: ^7.4.5
    xml-name-validator: ^3.0.0
  peerDependencies:
    canvas: ^2.5.0
  peerDependenciesMeta:
    canvas:
      optional: true
  checksum: 4abf126bba167f1cf123601232ceb3be0696a4370c8fa484a1a99d93926f251c372d84233b74aeede55909c3f30c350c646d27409f41353ea733c52e0243f49c
  languageName: node
  linkType: hard

"levn@npm:~0.3.0":
  version: 0.3.0
  resolution: "levn@npm:0.3.0"
  dependencies:
    prelude-ls: ~1.1.2
    type-check: ~0.3.2
  checksum: 0d084a524231a8246bb10fec48cdbb35282099f6954838604f3c7fc66f2e16fa66fd9cc2f3f20a541a113c4dafdf181e822c887c8a319c9195444e6c64ac395e
  languageName: node
  linkType: hard

"lodash@npm:^4.7.0":
  version: 4.17.21
  resolution: "lodash@npm:4.17.21"
  checksum: eb835a2e51d381e561e508ce932ea50a8e5a68f4ebdd771ea240d3048244a8d13658acbd502cd4829768c56f2e16bdd4340b9ea141297d472517b83868e677f7
  languageName: node
  linkType: hard

"lower-case@npm:^1.1.1":
  version: 1.1.4
  resolution: "lower-case@npm:1.1.4"
  checksum: 1ca9393b5eaef94a64e3f89e38b63d15bc7182a91171e6ad1550f51d710ec941540a065b274188f2e6b4576110cc2d11b50bc4bb7c603a040ddeb1db4ca95197
  languageName: node
  linkType: hard

"marked@npm:^2.0.7":
  version: 2.0.7
  resolution: "marked@npm:2.0.7"
  bin:
    marked: bin/marked
  checksum: 529c514a485482b6d5a6d10ba547df5971cbfbd68e7780885d73f54ad3d6bfad936b535dec97f62705348e6ea0ea6eb0c5c640d38324efd9124323973ddae2c2
  languageName: node
  linkType: hard

"mime-db@npm:1.48.0":
  version: 1.48.0
  resolution: "mime-db@npm:1.48.0"
  checksum: d778392e474a5e78c24eef5a2894261f0ed168d2762c1ac2a115aa34c2274c9426178b92a6cc55e9edb8f13e7e9b8116380b0e61db9ff6d763e62876a65eea57
  languageName: node
  linkType: hard

"mime-types@npm:^2.1.12":
  version: 2.1.31
  resolution: "mime-types@npm:2.1.31"
  dependencies:
    mime-db: 1.48.0
  checksum: eb1612aa96403823c7a2ccb1a39d58ce11477e685560186e7d369d8164260fd6fc1eeb56fa23acb6a4050583f417b2a685b69c23eb2bd8ed169fb0c6e323740a
  languageName: node
  linkType: hard

"ms@npm:2.1.2":
  version: 2.1.2
  resolution: "ms@npm:2.1.2"
  checksum: 673cdb2c3133eb050c745908d8ce632ed2c02d85640e2edb3ace856a2266a813b30c613569bf3354fdf4ea7d1a1494add3bfa95e2713baa27d0c2c71fc44f58f
  languageName: node
  linkType: hard

"no-case@npm:^2.2.0":
  version: 2.3.2
  resolution: "no-case@npm:2.3.2"
  dependencies:
    lower-case: ^1.1.1
  checksum: 856487731936fef44377ca74fdc5076464aba2e0734b56a4aa2b2a23d5b154806b591b9b2465faa59bb982e2b5c9391e3685400957fb4eeb38f480525adcf3dd
  languageName: node
  linkType: hard

"nwsapi@npm:^2.2.0":
  version: 2.2.0
  resolution: "nwsapi@npm:2.2.0"
  checksum: 5ef4a9bc0c1a5b7f2e014aa6a4b359a257503b796618ed1ef0eb852098f77e772305bb0e92856e4bbfa3e6c75da48c0113505c76f144555ff38867229c2400a7
  languageName: node
  linkType: hard

"optionator@npm:^0.8.1":
  version: 0.8.3
  resolution: "optionator@npm:0.8.3"
  dependencies:
    deep-is: ~0.1.3
    fast-levenshtein: ~2.0.6
    levn: ~0.3.0
    prelude-ls: ~1.1.2
    type-check: ~0.3.2
    word-wrap: ~1.2.3
  checksum: b8695ddf3d593203e25ab0900e265d860038486c943ff8b774f596a310f8ceebdb30c6832407a8198ba3ec9debe1abe1f51d4aad94843612db3b76d690c61d34
  languageName: node
  linkType: hard

"param-case@npm:^2.1.1":
  version: 2.1.1
  resolution: "param-case@npm:2.1.1"
  dependencies:
    no-case: ^2.2.0
  checksum: 3a63dcb8d8dc7995a612de061afdc7bb6fe7bd0e6db994db8d4cae999ed879859fd24389090e1a0d93f4c9207ebf8c048c870f468a3f4767161753e03cb9ab58
  languageName: node
  linkType: hard

"parse5@npm:6.0.1":
  version: 6.0.1
  resolution: "parse5@npm:6.0.1"
  checksum: 7d569a176c5460897f7c8f3377eff640d54132b9be51ae8a8fa4979af940830b2b0c296ce75e5bd8f4041520aadde13170dbdec44889975f906098ea0002f4bd
  languageName: node
  linkType: hard

"prelude-ls@npm:~1.1.2":
  version: 1.1.2
  resolution: "prelude-ls@npm:1.1.2"
  checksum: c4867c87488e4a0c233e158e4d0d5565b609b105d75e4c05dc760840475f06b731332eb93cc8c9cecb840aa8ec323ca3c9a56ad7820ad2e63f0261dadcb154e4
  languageName: node
  linkType: hard

"psl@npm:^1.1.33":
  version: 1.8.0
  resolution: "psl@npm:1.8.0"
  checksum: 6150048ed2da3f919478bee8a82f3828303bc0fc730fb015a48f83c9977682c7b28c60ab01425a72d82a2891a1681627aa530a991d50c086b48a3be27744bde7
  languageName: node
  linkType: hard

"punycode@npm:^2.1.1":
  version: 2.1.1
  resolution: "punycode@npm:2.1.1"
  checksum: 823bf443c6dd14f669984dea25757b37993f67e8d94698996064035edd43bed8a5a17a9f12e439c2b35df1078c6bec05a6c86e336209eb1061e8025c481168e8
  languageName: node
  linkType: hard

"relateurl@npm:^0.2.7":
  version: 0.2.7
  resolution: "relateurl@npm:0.2.7"
  checksum: 5891e792eae1dfc3da91c6fda76d6c3de0333a60aa5ad848982ebb6dccaa06e86385fb1235a1582c680a3d445d31be01c6bfc0804ebbcab5aaf53fa856fde6b6
  languageName: node
  linkType: hard

"safer-buffer@npm:>= 2.1.2 < 3":
  version: 2.1.2
  resolution: "safer-buffer@npm:2.1.2"
  checksum: cab8f25ae6f1434abee8d80023d7e72b598cf1327164ddab31003c51215526801e40b66c5e65d658a0af1e9d6478cadcb4c745f4bd6751f97d8644786c0978b0
  languageName: node
  linkType: hard

"saxes@npm:^5.0.1":
  version: 5.0.1
  resolution: "saxes@npm:5.0.1"
  dependencies:
    xmlchars: ^2.2.0
  checksum: 5636b55cf15f7cf0baa73f2797bf992bdcf75d1b39d82c0aa4608555c774368f6ac321cb641fd5f3d3ceb87805122cd47540da6a7b5960fe0dbdb8f8c263f000
  languageName: node
  linkType: hard

"source-map@npm:~0.6.0, source-map@npm:~0.6.1":
  version: 0.6.1
  resolution: "source-map@npm:0.6.1"
  checksum: 59ce8640cf3f3124f64ac289012c2b8bd377c238e316fb323ea22fbfe83da07d81e000071d7242cad7a23cd91c7de98e4df8830ec3f133cb6133a5f6e9f67bc2
  languageName: node
  linkType: hard

"symbol-tree@npm:^3.2.4":
  version: 3.2.4
  resolution: "symbol-tree@npm:3.2.4"
  checksum: 6e8fc7e1486b8b54bea91199d9535bb72f10842e40c79e882fc94fb7b14b89866adf2fd79efa5ebb5b658bc07fb459ccce5ac0e99ef3d72f474e74aaf284029d
  languageName: node
  linkType: hard

"tough-cookie@npm:^4.0.0":
  version: 4.0.0
  resolution: "tough-cookie@npm:4.0.0"
  dependencies:
    psl: ^1.1.33
    punycode: ^2.1.1
    universalify: ^0.1.2
  checksum: 0891b37eb7d17faa3479d47f0dce2e3007f2583094ad272f2670d120fbcc3df3b0b0a631ba96ecad49f9e2297d93ff8995ce0d3292d08dd7eabe162f5b224d69
  languageName: node
  linkType: hard

"tr46@npm:^2.0.2":
  version: 2.1.0
  resolution: "tr46@npm:2.1.0"
  dependencies:
    punycode: ^2.1.1
  checksum: ffe6049b9dca3ae329b059aada7f515b0f0064c611b39b51ff6b53897e954650f6f63d9319c6c008d36ead477c7b55e5f64c9dc60588ddc91ff720d64eb710b3
  languageName: node
  linkType: hard

"type-check@npm:~0.3.2":
  version: 0.3.2
  resolution: "type-check@npm:0.3.2"
  dependencies:
    prelude-ls: ~1.1.2
  checksum: dd3b1495642731bc0e1fc40abe5e977e0263005551ac83342ecb6f4f89551d106b368ec32ad3fb2da19b3bd7b2d1f64330da2ea9176d8ddbfe389fb286eb5124
  languageName: node
  linkType: hard

"uglify-js@npm:^3.5.1":
  version: 3.13.9
  resolution: "uglify-js@npm:3.13.9"
  bin:
    uglifyjs: bin/uglifyjs
  checksum: 4592c78a2fe3148e88da8285951d721a96ade41eb81878cc1f38e81c2afae2a3446c234c801fcd20c524c3dd3385caf06b882dccb42c8f79bf1482882fe3e142
  languageName: node
  linkType: hard

"universalify@npm:^0.1.2":
  version: 0.1.2
  resolution: "universalify@npm:0.1.2"
  checksum: 40cdc60f6e61070fe658ca36016a8f4ec216b29bf04a55dce14e3710cc84c7448538ef4dad3728d0bfe29975ccd7bfb5f414c45e7b78883567fb31b246f02dff
  languageName: node
  linkType: hard

"upper-case@npm:^1.1.1":
  version: 1.1.3
  resolution: "upper-case@npm:1.1.3"
  checksum: 991c845de75fa56e5ad983f15e58494dd77b77cadd79d273cc11e8da400067e9881ae1a52b312aed79b3d754496e2e0712e08d22eae799e35c7f9ba6f3d8a85d
  languageName: node
  linkType: hard

"w3c-hr-time@npm:^1.0.2":
  version: 1.0.2
  resolution: "w3c-hr-time@npm:1.0.2"
  dependencies:
    browser-process-hrtime: ^1.0.0
  checksum: ec3c2dacbf8050d917bbf89537a101a08c2e333b4c19155f7d3bedde43529d4339db6b3d049d9610789cb915f9515f8be037e0c54c079e9d4735c50b37ed52b9
  languageName: node
  linkType: hard

"w3c-xmlserializer@npm:^2.0.0":
  version: 2.0.0
  resolution: "w3c-xmlserializer@npm:2.0.0"
  dependencies:
    xml-name-validator: ^3.0.0
  checksum: ae25c51cf71f1fb2516df1ab33a481f83461a117565b95e3d0927432522323f93b1b2846cbb60196d337970c421adb604fc2d0d180c6a47a839da01db5b9973b
  languageName: node
  linkType: hard

"webidl-conversions@npm:^5.0.0":
  version: 5.0.0
  resolution: "webidl-conversions@npm:5.0.0"
  checksum: ccf1ec2ca7c0b5671e5440ace4a66806ae09c49016ab821481bec0c05b1b82695082dc0a27d1fe9d804d475a408ba0c691e6803fd21be608e710955d4589cd69
  languageName: node
  linkType: hard

"webidl-conversions@npm:^6.1.0":
  version: 6.1.0
  resolution: "webidl-conversions@npm:6.1.0"
  checksum: 1f526507aa491f972a0c1409d07f8444e1d28778dfa269a9971f2e157182f3d496dc33296e4ed45b157fdb3bf535bb90c90bf10c50dcf1dd6caacb2a34cc84fb
  languageName: node
  linkType: hard

"whatwg-encoding@npm:^1.0.5":
  version: 1.0.5
  resolution: "whatwg-encoding@npm:1.0.5"
  dependencies:
    iconv-lite: 0.4.24
  checksum: 5be4efe111dce29ddee3448d3915477fcc3b28f991d9cf1300b4e50d6d189010d47bca2f51140a844cf9b726e8f066f4aee72a04d687bfe4f2ee2767b2f5b1e6
  languageName: node
  linkType: hard

"whatwg-mimetype@npm:^2.3.0":
  version: 2.3.0
  resolution: "whatwg-mimetype@npm:2.3.0"
  checksum: 23eb885940bcbcca4ff841c40a78e9cbb893ec42743993a42bf7aed16085b048b44b06f3402018931687153550f9a32d259dfa524e4f03577ab898b6965e5383
  languageName: node
  linkType: hard

"whatwg-url@npm:^8.0.0, whatwg-url@npm:^8.5.0":
  version: 8.5.0
  resolution: "whatwg-url@npm:8.5.0"
  dependencies:
    lodash: ^4.7.0
    tr46: ^2.0.2
    webidl-conversions: ^6.1.0
  checksum: 3bda9bfd98be7a86761bc629d848526ae246b34bce6b1037254752bade6fb610fc696c1d4ba477d0fdd57c86b6fad0128f68203527d94cee13997cc91ecf2bb7
  languageName: node
  linkType: hard

"word-wrap@npm:~1.2.3":
  version: 1.2.3
  resolution: "word-wrap@npm:1.2.3"
  checksum: 30b48f91fcf12106ed3186ae4fa86a6a1842416df425be7b60485de14bec665a54a68e4b5156647dec3a70f25e84d270ca8bc8cd23182ed095f5c7206a938c1f
  languageName: node
  linkType: hard

"ws@npm:^7.4.5":
  version: 7.4.6
  resolution: "ws@npm:7.4.6"
  peerDependencies:
    bufferutil: ^4.0.1
    utf-8-validate: ^5.0.2
  peerDependenciesMeta:
    bufferutil:
      optional: true
    utf-8-validate:
      optional: true
  checksum: 3a990b32ed08c72070d5e8913e14dfcd831919205be52a3ff0b4cdd998c8d554f167c9df3841605cde8b11d607768cacab3e823c58c96a5c08c987e093eb767a
  languageName: node
  linkType: hard

"xml-name-validator@npm:^3.0.0":
  version: 3.0.0
  resolution: "xml-name-validator@npm:3.0.0"
  checksum: b3ac459afed783c285bb98e4960bd1f3ba12754fd4f2320efa0f9181ca28928c53cc75ca660d15d205e81f92304419afe94c531c7cfb3e0649aa6d140d53ecb0
  languageName: node
  linkType: hard

"xmlchars@npm:^2.2.0":
  version: 2.2.0
  resolution: "xmlchars@npm:2.2.0"
  checksum: 8c70ac94070ccca03f47a81fcce3b271bd1f37a591bf5424e787ae313fcb9c212f5f6786e1fa82076a2c632c0141552babcd85698c437506dfa6ae2d58723062
  languageName: node
  linkType: hard
